
Microsoft Visual Studio Solution File, Format Version 12.00
# Visual Studio 15
VisualStudioVersion = 15.0.27703.2026
MinimumVisualStudioVersion = 10.0.40219.1
Project("{FAE04EC0-301F-11D3-BF4B-00C04F79EFBC}") = "ControlTrials", "ControlTrials\ControlTrials.csproj", "{AA066682-D795-4398-9B9A-2F030EEFA775}"
EndProject
Global
	GlobalSection(SolutionConfigurationPlatforms) = preSolution
		Debug|Any CPU = Debug|Any CPU
		Release|Any CPU = Release|Any CPU
	EndGlobalSection
	GlobalSection(ProjectConfigurationPlatforms) = postSolution
		{AA066682-D795-4398-9B9A-2F030EEFA775}.Debug|Any CPU.ActiveCfg = Debug|Any CPU
		{AA066682-D795-4398-9B9A-2F030EEFA775}.Debug|Any CPU.Build.0 = Debug|Any CPU
		{AA066682-D795-4398-9B9A-2F030EEFA775}.Release|Any CPU.ActiveCfg = Release|Any CPU
		{AA066682-D795-4398-9B9A-2F030EEFA775}.Release|Any CPU.Build.0 = Release|Any CPU
	EndGlobalSection
	GlobalSection(SolutionProperties) = preSolution
		HideSolutionNode = FALSE
	EndGlobalSection
	GlobalSection(ExtensibilityGlobals) = postSolution
		SolutionGuid = {E692705B-BCFB-4D54-9260-58E0D0470129}
	EndGlobalSection
EndGlobal
